
Microsoft Visual Studio Solution File, Format Version 12.00
# Visual Studio 2013
VisualStudioVersion = 12.0.0.0
MinimumVisualStudioVersion = 10.0.0.1
Project("{FAE04EC0-301F-11D3-BF4B-00C04F79EFBC}") = "Backend", "Backend.csproj", "{96306DBA-0CF3-4150-B27A-A3CE2D3D29D5}"
EndProject
Global
	GlobalSection(SolutionConfigurationPlatforms) = preSolution
		Debug|Any CPU = Debug|Any CPU
		Release|Any CPU = Release|Any CPU
	EndGlobalSection
	GlobalSection(ProjectConfigurationPlatforms) = postSolution
		{96306DBA-0CF3-4150-B27A-A3CE2D3D29D5}.Debug|Any CPU.ActiveCfg = Debug|Any CPU
		{96306DBA-0CF3-4150-B27A-A3CE2D3D29D5}.Debug|Any CPU.Build.0 = Debug|Any CPU
		{96306DBA-0CF3-4150-B27A-A3CE2D3D29D5}.Release|Any CPU.ActiveCfg = Release|Any CPU
		{96306DBA-0CF3-4150-B27A-A3CE2D3D29D5}.Release|Any CPU.Build.0 = Release|Any CPU
	EndGlobalSection
	GlobalSection(SolutionProperties) = preSolution
		HideSolutionNode = FALSE
	EndGlobalSection
EndGlobal
